{
    "_meta": {
        "hash": {
            "sha256": "9069e858e11dcd83e7fad1b0ae4b6d9e7a2c86ebc4a255f299c3075600e1431e"
        },
        "pipfile-spec": 6,
        "requires": {
            "python_version": "3.6"
        },
        "sources": [
            {
                "name": "pypi",
                "url": "https://pypi.org/simple",
                "verify_ssl": true
            }
        ]
    },
    "default": {
        "borax": {
            "hashes": [
                "sha256:e851a6346b9b82c532814670ec779a857defac45d10e897233064fd1ca7cde2d"
            ],
            "version": "==1.1.0"
        },
        "dj-database-url": {
            "hashes": [
                "sha256:4aeaeb1f573c74835b0686a2b46b85990571159ffc21aa57ecd4d1e1cb334163",
                "sha256:851785365761ebe4994a921b433062309eb882fedd318e1b0fcecc607ed02da9"
            ],
            "index": "pypi",
            "version": "==0.5.0"
        },
        "django": {
            "hashes": [
                "sha256:97886b8a13bbc33bfeba2ff133035d3eca014e2309dff2b6da0bdfc0b8656613",
                "sha256:e900b73beee8977c7b887d90c6c57d68af10066b9dac898e1eaf0f82313de334"
            ],
            "index": "pypi",
            "version": "==2.0.7"
        },
        "django-appconf": {
            "hashes": [
                "sha256:6a4d9aea683b4c224d97ab8ee11ad2d29a37072c0c6c509896dd9857466fb261",
                "sha256:ddab987d14b26731352c01ee69c090a4ebfc9141ed223bef039d79587f22acd9"
            ],
            "version": "==1.0.2"
        },
        "django-compressor": {
            "hashes": [
                "sha256:7732676cfb9d58498dfb522b036f75f3f253f72ea1345ac036434fdc418c2e57",
                "sha256:9616570e5b08e92fa9eadc7a1b1b49639cce07ef392fc27c74230ab08075b30f"
            ],
            "index": "pypi",
            "version": "==2.2"
        },
        "django-crispy-forms": {
            "hashes": [
                "sha256:5952bab971110d0b86c278132dae0aa095beee8f723e625c3d3fa28888f1675f",
                "sha256:705ededc554ad8736157c666681165fe22ead2dec0d5446d65fc9dd976a5a876"
            ],
            "index": "pypi",
            "version": "==1.7.2"
        },
        "django-debug-toolbar": {
            "hashes": [
                "sha256:4af2a4e1e932dadbda197b18585962d4fc20172b4e5a479490bc659fe998864d",
                "sha256:d9ea75659f76d8f1e3eb8f390b47fc5bad0908d949c34a8a3c4c87978eb40a0f"
            ],
            "index": "pypi",
            "version": "==1.9.1"
        },
        "django-echarts": {
            "hashes": [
                "sha256:267f7ac8b6a6e3d5772e89677b219ffdc5301e660b33e7e76d42987901129d98"
            ],
            "index": "pypi",
            "version": "==0.3.6"
        },
        "django-environ": {
            "hashes": [
                "sha256:6c9d87660142608f63ec7d5ce5564c49b603ea8ff25da595fd6098f6dc82afde",
                "sha256:c57b3c11ec1f319d9474e3e5a79134f40174b17c7cc024bbb2fad84646b120c4"
            ],
            "index": "pypi",
            "version": "==0.4.5"
        },
        "future": {
            "hashes": [
                "sha256:e39ced1ab767b5936646cedba8bcce582398233d6a627067d4c6a454c90cfedb"
            ],
            "version": "==0.16.0"
        },
        "jinja2": {
            "hashes": [
                "sha256:74c935a1b8bb9a3947c50a54766a969d4846290e1e788ea44c1392163723c3bd",
                "sha256:f84be1bb0040caca4cea721fcbbbbd61f9be9464ca236387158b0feea01914a4"
            ],
            "version": "==2.10"
        },
        "jupyter-echarts-pypkg": {
            "hashes": [
                "sha256:75a509e5c3a9ced7e097ae4afdf159393272c64709e6d8c21fb109e644087d2c"
            ],
            "version": "==0.1.0"
        },
        "lml": {
            "hashes": [
                "sha256:b01e5ce68d767aacac8c856f14a5cd01229c2bf1e17992af800dc879b349f570",
                "sha256:be66096d0c845bcabbbcaf772b2ba21e9cdb6e23e88b6cb32613fa8d89d535a9"
            ],
            "version": "==0.0.2"
        },
        "markupsafe": {
            "hashes": [
                "sha256:a6be69091dac236ea9c6bc7d012beab42010fa914c459791d627dad4910eb665"
            ],
            "version": "==1.0"
        },
        "pillow": {
            "hashes": [
                "sha256:00def5b638994f888d1058e4d17c86dec8e1113c3741a0a8a659039aec59a83a",
                "sha256:026449b64e559226cdb8e6d8c931b5965d8fc90ec18ebbb0baa04c5b36503c72",
                "sha256:03dbb224ee196ef30ed2156d41b579143e1efeb422974719a5392fc035e4f574",
                "sha256:03eb0e04f929c102ae24bc436bf1c0c60a4e63b07ebd388e84d8b219df3e6acd",
                "sha256:087b0551ce2d19b3f092f2b5f071a065f7379e748867d070b29999cc83db15e3",
                "sha256:091a0656688d85fd6e10f49a73fa3ab9b37dbfcb2151f5a3ab17f8b879f467ee",
                "sha256:0f3e2d0a9966161b7dfd06d147f901d72c3a88ea1a833359b92193b8e1f68e1c",
                "sha256:114398d0e073b93e1d7da5b5ab92ff4b83c0180625c8031911425e51f4365d2e",
                "sha256:1be66b9a89e367e7d20d6cae419794997921fe105090fafd86ef39e20a3baab2",
                "sha256:1c5e93c40d4ce8cb133d3b105a869be6fa767e703f6eb1003eb4b90583e08a59",
                "sha256:1e977a3ed998a599bda5021fb2c2889060617627d3ae228297a529a082a3cd5c",
                "sha256:22cf3406d135cfcc13ec6228ade774c8461e125c940e80455f500638429be273",
                "sha256:24adccf1e834f82718c7fc8e3ec1093738da95144b8b1e44c99d5fc7d3e9c554",
                "sha256:2a3e362c97a5e6a259ee9cd66553292a1f8928a5bdfa3622fdb1501570834612",
                "sha256:3518f9fc666cbc58a5c1f48a6a23e9e6ceef69665eab43cdad5144de9383e72c",
                "sha256:3709339f4619e8c9b00f53079e40b964f43c5af61fb89a923fe24437167298bb",
                "sha256:3832e26ecbc9d8a500821e3a1d3765bda99d04ae29ffbb2efba49f5f788dc934",
                "sha256:452d159024faf37cc080537df308e8fa0026076eb38eb75185d96ed9642bd6d7",
                "sha256:4fd1f0c2dc02aaec729d91c92cd85a2df0289d88e9f68d1e8faba750bb9c4786",
                "sha256:4fda62030f2c515b6e2e673c57caa55cb04026a81968f3128aae10fc28e5cc27",
                "sha256:5044d75a68b49ce36a813c82d8201384207112d5d81643937fc758c05302f05b",
                "sha256:522184556921512ec484cb93bd84e0bab915d0ac5a372d49571c241a7f73db62",
                "sha256:5914cff11f3e920626da48e564be6818831713a3087586302444b9c70e8552d9",
                "sha256:653d48fe46378f40e3c2b892be88d8440efbb2c9df78559da44c63ad5ecb4142",
                "sha256:6661a7908d68c4a133e03dac8178287aa20a99f841ea90beeb98a233ae3fd710",
                "sha256:6735a7e560df6f0deb78246a6fe056cf2ae392ba2dc060ea8a6f2535aec924f1",
                "sha256:6d26a475a19cb294225738f5c974b3a24599438a67a30ed2d25638f012668026",
                "sha256:791f07fe13937e65285f9ef30664ddf0e10a0230bdb236751fa0ca67725740dd",
                "sha256:79258a8df3e309a54c7ef2ef4a59bb8e28f7e4a8992a3ad17c24b1889ced44f3",
                "sha256:7d74c20b8f1c3e99d3f781d3b8ff5abfefdd7363d61e23bdeba9992ff32cc4b4",
                "sha256:81918afeafc16ba5d9d0d4e9445905f21aac969a4ebb6f2bff4b9886da100f4b",
                "sha256:8194d913ca1f459377c8a4ed8f9b7ad750068b8e0e3f3f9c6963fcc87a84515f",
                "sha256:84d5d31200b11b3c76fab853b89ac898bf2d05c8b3da07c1fcc23feb06359d6e",
                "sha256:989981db57abffb52026b114c9a1f114c7142860a6d30a352d28f8cbf186500b",
                "sha256:a3d7511d3fad1618a82299aab71a5fceee5c015653a77ffea75ced9ef917e71a",
                "sha256:a4a6ac01b8c2f9d2d83719f193e6dea493e18445ce5bfd743d739174daa974d9",
                "sha256:acb90eb6c7ed6526551a78211d84c81e33082a35642ff5fe57489abc14e6bf6e",
                "sha256:b3ef168d4d6fd4fa6685aef7c91400f59f7ab1c0da734541f7031699741fb23f",
                "sha256:c1c5792b6e74bbf2af0f8e892272c2a6c48efa895903211f11b8342e03129fea",
                "sha256:c5dcb5a56aebb8a8f2585042b2f5c496d7624f0bcfe248f0cc33ceb2fd8d39e7",
                "sha256:d16f90810106822833a19bdb24c7cb766959acf791ca0edf5edfec674d55c8ee",
                "sha256:dcdc9cd9880027688007ff8f7c8e7ae6f24e81fae33bfd18d1e691e7bda4855f",
                "sha256:e2807aad4565d8de15391a9548f97818a14ef32624015c7bf3095171e314445e",
                "sha256:e2bed4a04e2ca1050bb5f00865cf2f83c0b92fd62454d9244f690fcd842e27a4",
                "sha256:e87a527c06319428007e8c30511e1f0ce035cb7f14bb4793b003ed532c3b9333",
                "sha256:ebcfc33a6c34984086451e230253bc33727bd17b4cdc4b39ec03032c3a6fc9e9",
                "sha256:f63e420180cbe22ff6e32558b612e75f50616fc111c5e095a4631946c782e109",
                "sha256:f7717eb360d40e7598c30cc44b33d98f79c468d9279379b66c1e28c568e0bf47",
                "sha256:f8582e1ab155302ea9ef1235441a0214919f4f79c4c7c21833ce9eec58181781",
                "sha256:f8b3d413c5a8f84b12cd4c5df1d8e211777c9852c6be3ee9c094b626644d3eab"
            ],
            "version": "==5.2.0"
        },
        "pyecharts": {
            "hashes": [
                "sha256:017dcb07acf77525cd93f08f685a4fd6d807e73cf68cd78b1402c25eb3049340"
            ],
            "index": "pypi",
            "version": "==0.4.1"
        },
        "pyecharts-jupyter-installer": {
            "hashes": [
                "sha256:8d00c6459bf73d7dda657f576322fd9b3b0f112e23407b819fcdb65311e588b5",
                "sha256:f2f051d0706c7a859a6359db4908d197fcb59b7d12484460af698ad6158c28f4"
            ],
            "version": "==0.0.3"
        },
        "python-dotenv": {
            "hashes": [
                "sha256:4965ed170bf51c347a89820e8050655e9c25db3837db6602e906b6d850fad85c",
                "sha256:509736185257111613009974e666568a1b031b028b61b500ef1ab4ee780089d5"
            ],
            "index": "pypi",
            "version": "==0.8.2"
        },
        "pytz": {
            "hashes": [
                "sha256:a061aa0a9e06881eb8b3b2b43f05b9439d6583c206d0a6c340ff72a7b6669053",
                "sha256:ffb9ef1de172603304d9d2819af6f5ece76f2e85ec10692a524dd876e72bf277"
            ],
            "version": "==2018.5"
        },
        "rcssmin": {
            "hashes": [
                "sha256:ca87b695d3d7864157773a61263e5abb96006e9ff0e021eff90cbe0e1ba18270"
            ],
            "version": "==1.0.6"
        },
        "rjsmin": {
            "hashes": [
                "sha256:dd9591aa73500b08b7db24367f8d32c6470021f39d5ab4e50c7c02e4401386f1"
            ],
            "version": "==1.0.12"
        },
        "sqlparse": {
            "hashes": [
                "sha256:ce028444cfab83be538752a2ffdb56bc417b7784ff35bb9a3062413717807dec",
                "sha256:d9cf190f51cbb26da0412247dfe4fb5f4098edb73db84e02f9fc21fdca31fed4"
            ],
            "version": "==0.2.4"
        }
    },
    "develop": {}
}
